# THIS IS AN AUTOGENERATED FILE. DO NOT EDIT THIS FILE DIRECTLY.
# yarn lockfile v1


framer-motion@^11.2.10:
  version "11.2.10"
  resolved "https://registry.yarnpkg.com/framer-motion/-/framer-motion-11.2.10.tgz#c8671e33e8f8d4abbd95efd20d3b8a888f457ed7"
  integrity sha512-/gr3PLZUVFCc86a9MqCUboVrALscrdluzTb3yew+2/qKBU8CX6nzs918/SRBRCqaPbx0TZP10CB6yFgK2C5cYQ==
  dependencies:
    tslib "^2.4.0"

tslib@^2.4.0:
  version "2.6.3"
  resolved "https://registry.yarnpkg.com/tslib/-/tslib-2.6.3.tgz#0438f810ad7a9edcde7a241c3d80db693c8cbfe0"
  integrity sha512-xNvxJEOUiWPGhUuUdQgAJPKOOJfGnIyKySOc09XkKsgdUV/3E2zvwZYdejjmRgPCgcym1juLH3226yA7sEFJKQ==
